
Microsoft Visual Studio Solution File, Format Version 12.00
# Visual Studio 15
VisualStudioVersion = 15.0.28010.2050
MinimumVisualStudioVersion = 10.0.40219.1
Project("{FAE04EC0-301F-11D3-BF4B-00C04F79EFBC}") = "WPF.TransparentClickableImage", "WPF.TransparentClickableImage\WPF.TransparentClickableImage.csproj", "{504D4A9D-61A7-4B94-A7B0-1666BBF9C8AB}"
EndProject
Global
	GlobalSection(SolutionConfigurationPlatforms) = preSolution
		Debug|Any CPU = Debug|Any CPU
		Release|Any CPU = Release|Any CPU
	EndGlobalSection
	GlobalSection(ProjectConfigurationPlatforms) = postSolution
		{504D4A9D-61A7-4B94-A7B0-1666BBF9C8AB}.Debug|Any CPU.ActiveCfg = Debug|Any CPU
		{504D4A9D-61A7-4B94-A7B0-1666BBF9C8AB}.Debug|Any CPU.Build.0 = Debug|Any CPU
		{504D4A9D-61A7-4B94-A7B0-1666BBF9C8AB}.Release|Any CPU.ActiveCfg = Release|Any CPU
		{504D4A9D-61A7-4B94-A7B0-1666BBF9C8AB}.Release|Any CPU.Build.0 = Release|Any CPU
	EndGlobalSection
	GlobalSection(SolutionProperties) = preSolution
		HideSolutionNode = FALSE
	EndGlobalSection
	GlobalSection(ExtensibilityGlobals) = postSolution
		SolutionGuid = {5C1D1467-2051-4212-B696-01AC96703344}
	EndGlobalSection
EndGlobal
